
Microsoft Visual Studio Solution File, Format Version 11.00
# Visual Studio 2010
Project("{FAE04EC0-301F-11D3-BF4B-00C04F79EFBC}") = "PowerShellIntegrationPack", "PowerShellIntegrationPack\PowerShellIntegrationPack.csproj", "{30B5AB04-3858-491D-A1EC-A00D74B377B1}"
EndProject
Project("{FAE04EC0-301F-11D3-BF4B-00C04F79EFBC}") = "PowerShellInvoke", "PowerShellInvoke\PowerShellInvoke.csproj", "{F39035EB-1504-47BD-B28F-6B54ED51CCDE}"
EndProject
Project("{FAE04EC0-301F-11D3-BF4B-00C04F79EFBC}") = "TestPSInvoke", "TestPSInvoke\TestPSInvoke.csproj", "{CFA79100-01D7-422F-A321-F99BA5AF5B66}"
EndProject
Project("{2150E333-8FDC-42A3-9474-1A3956D46DE8}") = "Solution Items", "Solution Items", "{A2BF49AA-1264-40E6-861E-3F82D760B617}"
	ProjectSection(SolutionItems) = preProject
		README.txt = README.txt
	EndProjectSection
EndProject
Global
	GlobalSection(TeamFoundationVersionControl) = preSolution
		SccNumberOfProjects = 4
		SccEnterpriseProvider = {4CA58AB2-18FA-4F8D-95D4-32DDF27D184C}
		SccTeamFoundationServer = https://tfs.codeplex.com/tfs/tfs02
		SccLocalPath0 = .
		SccProjectUniqueName1 = PowerShellIntegrationPack\\PowerShellIntegrationPack.csproj
		SccProjectName1 = PowerShellIntegrationPack
		SccLocalPath1 = PowerShellIntegrationPack
		SccProjectUniqueName2 = PowerShellInvoke\\PowerShellInvoke.csproj
		SccProjectName2 = PowerShellInvoke
		SccLocalPath2 = PowerShellInvoke
		SccProjectUniqueName3 = TestPSInvoke\\TestPSInvoke.csproj
		SccProjectName3 = TestPSInvoke
		SccLocalPath3 = TestPSInvoke
	EndGlobalSection
	GlobalSection(SolutionConfigurationPlatforms) = preSolution
		Debug|Any CPU = Debug|Any CPU
		Debug|Mixed Platforms = Debug|Mixed Platforms
		Debug|x64 = Debug|x64
		Debug|x86 = Debug|x86
		Release|Any CPU = Release|Any CPU
		Release|Mixed Platforms = Release|Mixed Platforms
		Release|x64 = Release|x64
		Release|x86 = Release|x86
	EndGlobalSection
	GlobalSection(ProjectConfigurationPlatforms) = postSolution
		{30B5AB04-3858-491D-A1EC-A00D74B377B1}.Debug|Any CPU.ActiveCfg = Debug|Any CPU
		{30B5AB04-3858-491D-A1EC-A00D74B377B1}.Debug|Any CPU.Build.0 = Debug|Any CPU
		{30B5AB04-3858-491D-A1EC-A00D74B377B1}.Debug|Mixed Platforms.ActiveCfg = Debug|Any CPU
		{30B5AB04-3858-491D-A1EC-A00D74B377B1}.Debug|Mixed Platforms.Build.0 = Debug|Any CPU
		{30B5AB04-3858-491D-A1EC-A00D74B377B1}.Debug|x64.ActiveCfg = Debug|Any CPU
		{30B5AB04-3858-491D-A1EC-A00D74B377B1}.Debug|x86.ActiveCfg = Debug|Any CPU
		{30B5AB04-3858-491D-A1EC-A00D74B377B1}.Release|Any CPU.ActiveCfg = Release|Any CPU
		{30B5AB04-3858-491D-A1EC-A00D74B377B1}.Release|Any CPU.Build.0 = Release|Any CPU
		{30B5AB04-3858-491D-A1EC-A00D74B377B1}.Release|Mixed Platforms.ActiveCfg = Release|Any CPU
		{30B5AB04-3858-491D-A1EC-A00D74B377B1}.Release|Mixed Platforms.Build.0 = Release|Any CPU
		{30B5AB04-3858-491D-A1EC-A00D74B377B1}.Release|x64.ActiveCfg = Release|Any CPU
		{30B5AB04-3858-491D-A1EC-A00D74B377B1}.Release|x86.ActiveCfg = Release|Any CPU
		{F39035EB-1504-47BD-B28F-6B54ED51CCDE}.Debug|Any CPU.ActiveCfg = Debug|x86
		{F39035EB-1504-47BD-B28F-6B54ED51CCDE}.Debug|Mixed Platforms.ActiveCfg = Debug|x86
		{F39035EB-1504-47BD-B28F-6B54ED51CCDE}.Debug|Mixed Platforms.Build.0 = Debug|x86
		{F39035EB-1504-47BD-B28F-6B54ED51CCDE}.Debug|x64.ActiveCfg = Debug|x64
		{F39035EB-1504-47BD-B28F-6B54ED51CCDE}.Debug|x64.Build.0 = Debug|x64
		{F39035EB-1504-47BD-B28F-6B54ED51CCDE}.Debug|x86.ActiveCfg = Debug|x86
		{F39035EB-1504-47BD-B28F-6B54ED51CCDE}.Debug|x86.Build.0 = Debug|x86
		{F39035EB-1504-47BD-B28F-6B54ED51CCDE}.Release|Any CPU.ActiveCfg = Release|x86
		{F39035EB-1504-47BD-B28F-6B54ED51CCDE}.Release|Mixed Platforms.ActiveCfg = Release|x86
		{F39035EB-1504-47BD-B28F-6B54ED51CCDE}.Release|Mixed Platforms.Build.0 = Release|x86
		{F39035EB-1504-47BD-B28F-6B54ED51CCDE}.Release|x64.ActiveCfg = Release|x64
		{F39035EB-1504-47BD-B28F-6B54ED51CCDE}.Release|x64.Build.0 = Release|x64
		{F39035EB-1504-47BD-B28F-6B54ED51CCDE}.Release|x86.ActiveCfg = Release|x86
		{F39035EB-1504-47BD-B28F-6B54ED51CCDE}.Release|x86.Build.0 = Release|x86
		{CFA79100-01D7-422F-A321-F99BA5AF5B66}.Debug|Any CPU.ActiveCfg = Debug|x86
		{CFA79100-01D7-422F-A321-F99BA5AF5B66}.Debug|Mixed Platforms.ActiveCfg = Debug|x86
		{CFA79100-01D7-422F-A321-F99BA5AF5B66}.Debug|Mixed Platforms.Build.0 = Debug|x86
		{CFA79100-01D7-422F-A321-F99BA5AF5B66}.Debug|x64.ActiveCfg = Debug|x86
		{CFA79100-01D7-422F-A321-F99BA5AF5B66}.Debug|x86.ActiveCfg = Debug|x86
		{CFA79100-01D7-422F-A321-F99BA5AF5B66}.Debug|x86.Build.0 = Debug|x86
		{CFA79100-01D7-422F-A321-F99BA5AF5B66}.Release|Any CPU.ActiveCfg = Release|x86
		{CFA79100-01D7-422F-A321-F99BA5AF5B66}.Release|Mixed Platforms.ActiveCfg = Release|x86
		{CFA79100-01D7-422F-A321-F99BA5AF5B66}.Release|Mixed Platforms.Build.0 = Release|x86
		{CFA79100-01D7-422F-A321-F99BA5AF5B66}.Release|x64.ActiveCfg = Release|x86
		{CFA79100-01D7-422F-A321-F99BA5AF5B66}.Release|x86.ActiveCfg = Release|x86
		{CFA79100-01D7-422F-A321-F99BA5AF5B66}.Release|x86.Build.0 = Release|x86
	EndGlobalSection
	GlobalSection(SolutionProperties) = preSolution
		HideSolutionNode = FALSE
	EndGlobalSection
EndGlobal
